
Microsoft Visual Studio Solution File, Format Version 12.00
# Visual Studio Version 16
VisualStudioVersion = 16.0.29709.97
MinimumVisualStudioVersion = 10.0.40219.1
Project("{9A19103F-16F7-4668-BE54-9A1E7A4F7556}") = "ExactlyOnce.Routing.AzureController", "ExactlyOnce.Routing.AzureController\ExactlyOnce.Routing.AzureController.csproj", "{16BC21B4-9C74-4DB1-9890-0C4574461174}"
EndProject
Project("{9A19103F-16F7-4668-BE54-9A1E7A4F7556}") = "ExactlyOnce.Routing.Endpoint.Model", "ExactlyOnce.Routing.Endpoint.Model\ExactlyOnce.Routing.Endpoint.Model.csproj", "{3E6DDF9E-D990-4FBC-B50C-8497CF683D89}"
EndProject
Project("{9A19103F-16F7-4668-BE54-9A1E7A4F7556}") = "ExactlyOnce.Routing.Controller.Model", "ExactlyOnce.Routing.Controller.Model\ExactlyOnce.Routing.Controller.Model.csproj", "{B3DCCE11-9B3E-4926-B7ED-0510A052ECDF}"
EndProject
Project("{9A19103F-16F7-4668-BE54-9A1E7A4F7556}") = "ExactlyOnce.Routing.Router.Model", "ExactlyOnce.Routing.Router.Model\ExactlyOnce.Routing.Router.Model.csproj", "{FAA7CB5C-D4E1-4FC8-B4D6-F2E8B2BF2B69}"
EndProject
Project("{9A19103F-16F7-4668-BE54-9A1E7A4F7556}") = "ExactlyOnce.Routing.Tests", "ExactlyOnce.Routing.Tests\ExactlyOnce.Routing.Tests.csproj", "{3BFECC54-5B7B-4A15-911C-2B95CF8561EF}"
EndProject
Project("{9A19103F-16F7-4668-BE54-9A1E7A4F7556}") = "ExactlyOnce.Routing.Controller.Model.Azure", "ExactlyOnce.Routing.Controller.Model.Azure\ExactlyOnce.Routing.Controller.Model.Azure.csproj", "{D149C0D0-EE33-488E-AD89-96492B09FEEF}"
EndProject
Project("{9A19103F-16F7-4668-BE54-9A1E7A4F7556}") = "ExactlyOnce.Routing.AzureClient", "ExactlyOnce.Routing.AzureClient\ExactlyOnce.Routing.AzureClient.csproj", "{731DF5F6-13BA-4432-B6B3-84A83156AED1}"
EndProject
Project("{9A19103F-16F7-4668-BE54-9A1E7A4F7556}") = "TestClient", "TestClient\TestClient.csproj", "{28AAA94A-DF9A-4DB4-95CF-170AE3C753ED}"
EndProject
Project("{9A19103F-16F7-4668-BE54-9A1E7A4F7556}") = "ExactlyOnce.Routing.NServiceBus", "ExactlyOnce.Routing.NServiceBus\ExactlyOnce.Routing.NServiceBus.csproj", "{A2A5BA7C-6407-45DE-B9D7-948A00ACC282}"
EndProject
Project("{9A19103F-16F7-4668-BE54-9A1E7A4F7556}") = "Orders", "Sample\Orders\Orders.csproj", "{AB810F23-650C-4A34-A77B-4A0AC9B7ACE4}"
EndProject
Project("{2150E333-8FDC-42A3-9474-1A3956D46DE8}") = "Sample", "Sample", "{4AC92543-E312-493B-8D1E-E0E29C83DB90}"
EndProject
Global
	GlobalSection(SolutionConfigurationPlatforms) = preSolution
		Debug|Any CPU = Debug|Any CPU
		Release|Any CPU = Release|Any CPU
	EndGlobalSection
	GlobalSection(ProjectConfigurationPlatforms) = postSolution
		{16BC21B4-9C74-4DB1-9890-0C4574461174}.Debug|Any CPU.ActiveCfg = Debug|Any CPU
		{16BC21B4-9C74-4DB1-9890-0C4574461174}.Debug|Any CPU.Build.0 = Debug|Any CPU
		{16BC21B4-9C74-4DB1-9890-0C4574461174}.Release|Any CPU.ActiveCfg = Release|Any CPU
		{16BC21B4-9C74-4DB1-9890-0C4574461174}.Release|Any CPU.Build.0 = Release|Any CPU
		{3E6DDF9E-D990-4FBC-B50C-8497CF683D89}.Debug|Any CPU.ActiveCfg = Debug|Any CPU
		{3E6DDF9E-D990-4FBC-B50C-8497CF683D89}.Debug|Any CPU.Build.0 = Debug|Any CPU
		{3E6DDF9E-D990-4FBC-B50C-8497CF683D89}.Release|Any CPU.ActiveCfg = Release|Any CPU
		{3E6DDF9E-D990-4FBC-B50C-8497CF683D89}.Release|Any CPU.Build.0 = Release|Any CPU
		{B3DCCE11-9B3E-4926-B7ED-0510A052ECDF}.Debug|Any CPU.ActiveCfg = Debug|Any CPU
		{B3DCCE11-9B3E-4926-B7ED-0510A052ECDF}.Debug|Any CPU.Build.0 = Debug|Any CPU
		{B3DCCE11-9B3E-4926-B7ED-0510A052ECDF}.Release|Any CPU.ActiveCfg = Release|Any CPU
		{B3DCCE11-9B3E-4926-B7ED-0510A052ECDF}.Release|Any CPU.Build.0 = Release|Any CPU
		{FAA7CB5C-D4E1-4FC8-B4D6-F2E8B2BF2B69}.Debug|Any CPU.ActiveCfg = Debug|Any CPU
		{FAA7CB5C-D4E1-4FC8-B4D6-F2E8B2BF2B69}.Debug|Any CPU.Build.0 = Debug|Any CPU
		{FAA7CB5C-D4E1-4FC8-B4D6-F2E8B2BF2B69}.Release|Any CPU.ActiveCfg = Release|Any CPU
		{FAA7CB5C-D4E1-4FC8-B4D6-F2E8B2BF2B69}.Release|Any CPU.Build.0 = Release|Any CPU
		{3BFECC54-5B7B-4A15-911C-2B95CF8561EF}.Debug|Any CPU.ActiveCfg = Debug|Any CPU
		{3BFECC54-5B7B-4A15-911C-2B95CF8561EF}.Debug|Any CPU.Build.0 = Debug|Any CPU
		{3BFECC54-5B7B-4A15-911C-2B95CF8561EF}.Release|Any CPU.ActiveCfg = Release|Any CPU
		{3BFECC54-5B7B-4A15-911C-2B95CF8561EF}.Release|Any CPU.Build.0 = Release|Any CPU
		{D149C0D0-EE33-488E-AD89-96492B09FEEF}.Debug|Any CPU.ActiveCfg = Debug|Any CPU
		{D149C0D0-EE33-488E-AD89-96492B09FEEF}.Debug|Any CPU.Build.0 = Debug|Any CPU
		{D149C0D0-EE33-488E-AD89-96492B09FEEF}.Release|Any CPU.ActiveCfg = Release|Any CPU
		{D149C0D0-EE33-488E-AD89-96492B09FEEF}.Release|Any CPU.Build.0 = Release|Any CPU
		{731DF5F6-13BA-4432-B6B3-84A83156AED1}.Debug|Any CPU.ActiveCfg = Debug|Any CPU
		{731DF5F6-13BA-4432-B6B3-84A83156AED1}.Debug|Any CPU.Build.0 = Debug|Any CPU
		{731DF5F6-13BA-4432-B6B3-84A83156AED1}.Release|Any CPU.ActiveCfg = Release|Any CPU
		{731DF5F6-13BA-4432-B6B3-84A83156AED1}.Release|Any CPU.Build.0 = Release|Any CPU
		{28AAA94A-DF9A-4DB4-95CF-170AE3C753ED}.Debug|Any CPU.ActiveCfg = Debug|Any CPU
		{28AAA94A-DF9A-4DB4-95CF-170AE3C753ED}.Debug|Any CPU.Build.0 = Debug|Any CPU
		{28AAA94A-DF9A-4DB4-95CF-170AE3C753ED}.Release|Any CPU.ActiveCfg = Release|Any CPU
		{28AAA94A-DF9A-4DB4-95CF-170AE3C753ED}.Release|Any CPU.Build.0 = Release|Any CPU
		{A2A5BA7C-6407-45DE-B9D7-948A00ACC282}.Debug|Any CPU.ActiveCfg = Debug|Any CPU
		{A2A5BA7C-6407-45DE-B9D7-948A00ACC282}.Debug|Any CPU.Build.0 = Debug|Any CPU
		{A2A5BA7C-6407-45DE-B9D7-948A00ACC282}.Release|Any CPU.ActiveCfg = Release|Any CPU
		{A2A5BA7C-6407-45DE-B9D7-948A00ACC282}.Release|Any CPU.Build.0 = Release|Any CPU
		{AB810F23-650C-4A34-A77B-4A0AC9B7ACE4}.Debug|Any CPU.ActiveCfg = Debug|Any CPU
		{AB810F23-650C-4A34-A77B-4A0AC9B7ACE4}.Debug|Any CPU.Build.0 = Debug|Any CPU
		{AB810F23-650C-4A34-A77B-4A0AC9B7ACE4}.Release|Any CPU.ActiveCfg = Release|Any CPU
		{AB810F23-650C-4A34-A77B-4A0AC9B7ACE4}.Release|Any CPU.Build.0 = Release|Any CPU
	EndGlobalSection
	GlobalSection(SolutionProperties) = preSolution
		HideSolutionNode = FALSE
	EndGlobalSection
	GlobalSection(NestedProjects) = preSolution
		{AB810F23-650C-4A34-A77B-4A0AC9B7ACE4} = {4AC92543-E312-493B-8D1E-E0E29C83DB90}
	EndGlobalSection
	GlobalSection(ExtensibilityGlobals) = postSolution
		SolutionGuid = {8BD3BEA9-884F-451D-9105-F970350A2D95}
	EndGlobalSection
EndGlobal
