
Microsoft Visual Studio Solution File, Format Version 12.00
# Visual Studio Version 16
VisualStudioVersion = 16.0.29709.97
MinimumVisualStudioVersion = 10.0.40219.1
Project("{9A19103F-16F7-4668-BE54-9A1E7A4F7556}") = "ExactlyOnce.Routing.AzureController", "ExactlyOnce.Routing.AzureController\ExactlyOnce.Routing.AzureController.csproj", "{16BC21B4-9C74-4DB1-9890-0C4574461174}"
EndProject
Project("{9A19103F-16F7-4668-BE54-9A1E7A4F7556}") = "ExactlyOnce.Routing.Endpoint.Model", "ExactlyOnce.Routing.Endpoint.Model\ExactlyOnce.Routing.Endpoint.Model.csproj", "{3E6DDF9E-D990-4FBC-B50C-8497CF683D89}"
EndProject
Project("{9A19103F-16F7-4668-BE54-9A1E7A4F7556}") = "ExactlyOnce.Routing.Controller.Model", "ExactlyOnce.Routing.Controller.Model\ExactlyOnce.Routing.Controller.Model.csproj", "{B3DCCE11-9B3E-4926-B7ED-0510A052ECDF}"
EndProject
Project("{9A19103F-16F7-4668-BE54-9A1E7A4F7556}") = "ExactlyOnce.Routing.Tests", "ExactlyOnce.Routing.Tests\ExactlyOnce.Routing.Tests.csproj", "{3BFECC54-5B7B-4A15-911C-2B95CF8561EF}"
EndProject
Project("{9A19103F-16F7-4668-BE54-9A1E7A4F7556}") = "TestClient", "TestClient\TestClient.csproj", "{28AAA94A-DF9A-4DB4-95CF-170AE3C753ED}"
EndProject
Project("{9A19103F-16F7-4668-BE54-9A1E7A4F7556}") = "ExactlyOnce.Routing.NServiceBus", "ExactlyOnce.Routing.NServiceBus\ExactlyOnce.Routing.NServiceBus.csproj", "{A2A5BA7C-6407-45DE-B9D7-948A00ACC282}"
EndProject
Project("{2150E333-8FDC-42A3-9474-1A3956D46DE8}") = "Sample", "Sample", "{4AC92543-E312-493B-8D1E-E0E29C83DB90}"
EndProject
Project("{9A19103F-16F7-4668-BE54-9A1E7A4F7556}") = "SomeEndpoint", "Sample\SomeEndpoint\SomeEndpoint.csproj", "{626B1FA2-67AF-4DBD-90B3-D8F914FF0C4A}"
EndProject
Project("{9A19103F-16F7-4668-BE54-9A1E7A4F7556}") = "OtherEndpoint", "Sample\OtherEndpoint\OtherEndpoint.csproj", "{AC470218-D8AD-4B78-B8EB-573774CD3D4F}"
EndProject
Project("{9A19103F-16F7-4668-BE54-9A1E7A4F7556}") = "Sender", "Sample\Sender\Sender.csproj", "{F36D8B2C-0260-4DBD-B615-5547916C86AE}"
EndProject
Project("{9A19103F-16F7-4668-BE54-9A1E7A4F7556}") = "Messages", "Sample\Messages\Messages.csproj", "{44747E25-33A4-43C7-8947-E2376509EA36}"
EndProject
Project("{9A19103F-16F7-4668-BE54-9A1E7A4F7556}") = "ExactlyOnce.Router.Core", "ExactlyOnce.Router.Core\ExactlyOnce.Router.Core.csproj", "{D6DC2554-7B43-46F1-91DA-14C104B7A064}"
EndProject
Project("{9A19103F-16F7-4668-BE54-9A1E7A4F7556}") = "ExactlyOnce.Router", "ExactlyOnce.Router\ExactlyOnce.Router.csproj", "{5106F84B-6654-4D32-92D6-281DF3C3F98A}"
EndProject
Project("{9A19103F-16F7-4668-BE54-9A1E7A4F7556}") = "MyRouter", "Sample\MyRouter\MyRouter.csproj", "{950EF862-44AE-4CAF-9275-BD9F03CD5C7F}"
EndProject
Project("{9A19103F-16F7-4668-BE54-9A1E7A4F7556}") = "ExactlyOnce.Routing.SelfHostedController", "ExactlyOnce.Routing.SelfHostedController\ExactlyOnce.Routing.SelfHostedController.csproj", "{6E0A982B-9919-4FFF-A4B1-CF6030F440B9}"
EndProject
Project("{9A19103F-16F7-4668-BE54-9A1E7A4F7556}") = "ExactlyOnce.Routing.Controller.Infrastructure.CosmosDB", "ExactlyOnce.Routing.Controller.Infrastructure.CosmosDB\ExactlyOnce.Routing.Controller.Infrastructure.CosmosDB.csproj", "{0F3C61D3-94C1-43EE-B853-5F0004E062BA}"
EndProject
Project("{9A19103F-16F7-4668-BE54-9A1E7A4F7556}") = "ExactlyOnce.Routing.Controller.Infrastructure", "ExactlyOnce.Routing.Controller.Infrastructure\ExactlyOnce.Routing.Controller.Infrastructure.csproj", "{349735C5-0AB8-48FC-AE50-D0AD6032031D}"
EndProject
Project("{9A19103F-16F7-4668-BE54-9A1E7A4F7556}") = "ExactlyOnce.Routing.AcceptanceTesting", "ExactlyOnce.Routing.AcceptanceTesting\ExactlyOnce.Routing.AcceptanceTesting.csproj", "{23A47718-151F-4352-974C-0C75C5A59F6E}"
EndProject
Project("{9A19103F-16F7-4668-BE54-9A1E7A4F7556}") = "ExactlyOnce.Routing.AcceptanceTests", "ExactlyOnce.Routing.AcceptanceTests\ExactlyOnce.Routing.AcceptanceTests.csproj", "{DBBB5BA7-C5B1-4934-9F12-E1A37F2DF22A}"
EndProject
Project("{9A19103F-16F7-4668-BE54-9A1E7A4F7556}") = "ExactlyOnce.Routing.Client", "ExactlyOnce.Routing.Client\ExactlyOnce.Routing.Client.csproj", "{EB23FB2A-869A-4B8E-AFF2-58A69A5A640D}"
EndProject
Project("{2150E333-8FDC-42A3-9474-1A3956D46DE8}") = "Samples", "Samples", "{52E9DB61-6ABC-4826-8B6F-B908ECED9AEE}"
EndProject
Project("{2150E333-8FDC-42A3-9474-1A3956D46DE8}") = "SenderReceiverRoutingMigration", "SenderReceiverRoutingMigration", "{262BEFC5-AA82-42D8-9762-855FE021A8ED}"
EndProject
Project("{9A19103F-16F7-4668-BE54-9A1E7A4F7556}") = "SenderReceiverRoutingMigration.Sender", "Samples\SenderReceiverRoutingMigration\SenderReceiverRoutingMigration.Sender\SenderReceiverRoutingMigration.Sender.csproj", "{8213171F-F73F-4493-9131-C669450E48C2}"
EndProject
Project("{9A19103F-16F7-4668-BE54-9A1E7A4F7556}") = "SenderReceiverRoutingMigration.Receiver", "Samples\SenderReceiverRoutingMigration\SenderReceiverRoutingMigration.Receiver\SenderReceiverRoutingMigration.Receiver.csproj", "{A90E80FE-FC36-41CA-9DF9-440871F332D2}"
EndProject
Project("{9A19103F-16F7-4668-BE54-9A1E7A4F7556}") = "SampleRouter", "Samples\SampleRouter\SampleRouter.csproj", "{FFA1C6F2-D797-407A-99B0-E2D7178038B2}"
EndProject
Project("{9A19103F-16F7-4668-BE54-9A1E7A4F7556}") = "SenderReceiverRoutingMigration.Shared", "Samples\SenderReceiverRoutingMigration\SenderReceiverRoutingMigration.Shared\SenderReceiverRoutingMigration.Shared.csproj", "{3FDA2EC5-5CB6-4C94-BB83-8375501959C4}"
EndProject
Project("{9A19103F-16F7-4668-BE54-9A1E7A4F7556}") = "SampleInfrastructure", "Samples\SampleInfrastructure\SampleInfrastructure.csproj", "{116B251C-31A3-474E-BCE3-BAE23219B8F1}"
EndProject
Project("{FAE04EC0-301F-11D3-BF4B-00C04F79EFBC}") = "ExactlyOnce.Routing.ApiContract", "ExactlyOnce.Routing.ApiContract\ExactlyOnce.Routing.ApiContract.csproj", "{899BD611-3620-490F-B8E0-0B2582F8B3D9}"
EndProject
Project("{FAE04EC0-301F-11D3-BF4B-00C04F79EFBC}") = "ExactlyOnce.Routing.CommandLineTool", "ExactlyOnce.Routing.CommandLineTool\ExactlyOnce.Routing.CommandLineTool.csproj", "{A501762D-16AE-4F86-925B-0E2183976C10}"
EndProject
Global
	GlobalSection(SolutionConfigurationPlatforms) = preSolution
		Debug|Any CPU = Debug|Any CPU
		Release|Any CPU = Release|Any CPU
	EndGlobalSection
	GlobalSection(ProjectConfigurationPlatforms) = postSolution
		{16BC21B4-9C74-4DB1-9890-0C4574461174}.Debug|Any CPU.ActiveCfg = Debug|Any CPU
		{16BC21B4-9C74-4DB1-9890-0C4574461174}.Debug|Any CPU.Build.0 = Debug|Any CPU
		{16BC21B4-9C74-4DB1-9890-0C4574461174}.Release|Any CPU.ActiveCfg = Release|Any CPU
		{16BC21B4-9C74-4DB1-9890-0C4574461174}.Release|Any CPU.Build.0 = Release|Any CPU
		{3E6DDF9E-D990-4FBC-B50C-8497CF683D89}.Debug|Any CPU.ActiveCfg = Debug|Any CPU
		{3E6DDF9E-D990-4FBC-B50C-8497CF683D89}.Debug|Any CPU.Build.0 = Debug|Any CPU
		{3E6DDF9E-D990-4FBC-B50C-8497CF683D89}.Release|Any CPU.ActiveCfg = Release|Any CPU
		{3E6DDF9E-D990-4FBC-B50C-8497CF683D89}.Release|Any CPU.Build.0 = Release|Any CPU
		{B3DCCE11-9B3E-4926-B7ED-0510A052ECDF}.Debug|Any CPU.ActiveCfg = Debug|Any CPU
		{B3DCCE11-9B3E-4926-B7ED-0510A052ECDF}.Debug|Any CPU.Build.0 = Debug|Any CPU
		{B3DCCE11-9B3E-4926-B7ED-0510A052ECDF}.Release|Any CPU.ActiveCfg = Release|Any CPU
		{B3DCCE11-9B3E-4926-B7ED-0510A052ECDF}.Release|Any CPU.Build.0 = Release|Any CPU
		{3BFECC54-5B7B-4A15-911C-2B95CF8561EF}.Debug|Any CPU.ActiveCfg = Debug|Any CPU
		{3BFECC54-5B7B-4A15-911C-2B95CF8561EF}.Debug|Any CPU.Build.0 = Debug|Any CPU
		{3BFECC54-5B7B-4A15-911C-2B95CF8561EF}.Release|Any CPU.ActiveCfg = Release|Any CPU
		{3BFECC54-5B7B-4A15-911C-2B95CF8561EF}.Release|Any CPU.Build.0 = Release|Any CPU
		{28AAA94A-DF9A-4DB4-95CF-170AE3C753ED}.Debug|Any CPU.ActiveCfg = Debug|Any CPU
		{28AAA94A-DF9A-4DB4-95CF-170AE3C753ED}.Debug|Any CPU.Build.0 = Debug|Any CPU
		{28AAA94A-DF9A-4DB4-95CF-170AE3C753ED}.Release|Any CPU.ActiveCfg = Release|Any CPU
		{28AAA94A-DF9A-4DB4-95CF-170AE3C753ED}.Release|Any CPU.Build.0 = Release|Any CPU
		{A2A5BA7C-6407-45DE-B9D7-948A00ACC282}.Debug|Any CPU.ActiveCfg = Debug|Any CPU
		{A2A5BA7C-6407-45DE-B9D7-948A00ACC282}.Debug|Any CPU.Build.0 = Debug|Any CPU
		{A2A5BA7C-6407-45DE-B9D7-948A00ACC282}.Release|Any CPU.ActiveCfg = Release|Any CPU
		{A2A5BA7C-6407-45DE-B9D7-948A00ACC282}.Release|Any CPU.Build.0 = Release|Any CPU
		{626B1FA2-67AF-4DBD-90B3-D8F914FF0C4A}.Debug|Any CPU.ActiveCfg = Debug|Any CPU
		{626B1FA2-67AF-4DBD-90B3-D8F914FF0C4A}.Debug|Any CPU.Build.0 = Debug|Any CPU
		{626B1FA2-67AF-4DBD-90B3-D8F914FF0C4A}.Release|Any CPU.ActiveCfg = Release|Any CPU
		{626B1FA2-67AF-4DBD-90B3-D8F914FF0C4A}.Release|Any CPU.Build.0 = Release|Any CPU
		{AC470218-D8AD-4B78-B8EB-573774CD3D4F}.Debug|Any CPU.ActiveCfg = Debug|Any CPU
		{AC470218-D8AD-4B78-B8EB-573774CD3D4F}.Debug|Any CPU.Build.0 = Debug|Any CPU
		{AC470218-D8AD-4B78-B8EB-573774CD3D4F}.Release|Any CPU.ActiveCfg = Release|Any CPU
		{AC470218-D8AD-4B78-B8EB-573774CD3D4F}.Release|Any CPU.Build.0 = Release|Any CPU
		{F36D8B2C-0260-4DBD-B615-5547916C86AE}.Debug|Any CPU.ActiveCfg = Debug|Any CPU
		{F36D8B2C-0260-4DBD-B615-5547916C86AE}.Debug|Any CPU.Build.0 = Debug|Any CPU
		{F36D8B2C-0260-4DBD-B615-5547916C86AE}.Release|Any CPU.ActiveCfg = Release|Any CPU
		{F36D8B2C-0260-4DBD-B615-5547916C86AE}.Release|Any CPU.Build.0 = Release|Any CPU
		{44747E25-33A4-43C7-8947-E2376509EA36}.Debug|Any CPU.ActiveCfg = Debug|Any CPU
		{44747E25-33A4-43C7-8947-E2376509EA36}.Debug|Any CPU.Build.0 = Debug|Any CPU
		{44747E25-33A4-43C7-8947-E2376509EA36}.Release|Any CPU.ActiveCfg = Release|Any CPU
		{44747E25-33A4-43C7-8947-E2376509EA36}.Release|Any CPU.Build.0 = Release|Any CPU
		{D6DC2554-7B43-46F1-91DA-14C104B7A064}.Debug|Any CPU.ActiveCfg = Debug|Any CPU
		{D6DC2554-7B43-46F1-91DA-14C104B7A064}.Debug|Any CPU.Build.0 = Debug|Any CPU
		{D6DC2554-7B43-46F1-91DA-14C104B7A064}.Release|Any CPU.ActiveCfg = Release|Any CPU
		{D6DC2554-7B43-46F1-91DA-14C104B7A064}.Release|Any CPU.Build.0 = Release|Any CPU
		{5106F84B-6654-4D32-92D6-281DF3C3F98A}.Debug|Any CPU.ActiveCfg = Debug|Any CPU
		{5106F84B-6654-4D32-92D6-281DF3C3F98A}.Debug|Any CPU.Build.0 = Debug|Any CPU
		{5106F84B-6654-4D32-92D6-281DF3C3F98A}.Release|Any CPU.ActiveCfg = Release|Any CPU
		{5106F84B-6654-4D32-92D6-281DF3C3F98A}.Release|Any CPU.Build.0 = Release|Any CPU
		{950EF862-44AE-4CAF-9275-BD9F03CD5C7F}.Debug|Any CPU.ActiveCfg = Debug|Any CPU
		{950EF862-44AE-4CAF-9275-BD9F03CD5C7F}.Debug|Any CPU.Build.0 = Debug|Any CPU
		{950EF862-44AE-4CAF-9275-BD9F03CD5C7F}.Release|Any CPU.ActiveCfg = Release|Any CPU
		{950EF862-44AE-4CAF-9275-BD9F03CD5C7F}.Release|Any CPU.Build.0 = Release|Any CPU
		{6E0A982B-9919-4FFF-A4B1-CF6030F440B9}.Debug|Any CPU.ActiveCfg = Debug|Any CPU
		{6E0A982B-9919-4FFF-A4B1-CF6030F440B9}.Debug|Any CPU.Build.0 = Debug|Any CPU
		{6E0A982B-9919-4FFF-A4B1-CF6030F440B9}.Release|Any CPU.ActiveCfg = Release|Any CPU
		{6E0A982B-9919-4FFF-A4B1-CF6030F440B9}.Release|Any CPU.Build.0 = Release|Any CPU
		{0F3C61D3-94C1-43EE-B853-5F0004E062BA}.Debug|Any CPU.ActiveCfg = Debug|Any CPU
		{0F3C61D3-94C1-43EE-B853-5F0004E062BA}.Debug|Any CPU.Build.0 = Debug|Any CPU
		{0F3C61D3-94C1-43EE-B853-5F0004E062BA}.Release|Any CPU.ActiveCfg = Release|Any CPU
		{0F3C61D3-94C1-43EE-B853-5F0004E062BA}.Release|Any CPU.Build.0 = Release|Any CPU
		{349735C5-0AB8-48FC-AE50-D0AD6032031D}.Debug|Any CPU.ActiveCfg = Debug|Any CPU
		{349735C5-0AB8-48FC-AE50-D0AD6032031D}.Debug|Any CPU.Build.0 = Debug|Any CPU
		{349735C5-0AB8-48FC-AE50-D0AD6032031D}.Release|Any CPU.ActiveCfg = Release|Any CPU
		{349735C5-0AB8-48FC-AE50-D0AD6032031D}.Release|Any CPU.Build.0 = Release|Any CPU
		{23A47718-151F-4352-974C-0C75C5A59F6E}.Debug|Any CPU.ActiveCfg = Debug|Any CPU
		{23A47718-151F-4352-974C-0C75C5A59F6E}.Debug|Any CPU.Build.0 = Debug|Any CPU
		{23A47718-151F-4352-974C-0C75C5A59F6E}.Release|Any CPU.ActiveCfg = Release|Any CPU
		{23A47718-151F-4352-974C-0C75C5A59F6E}.Release|Any CPU.Build.0 = Release|Any CPU
		{DBBB5BA7-C5B1-4934-9F12-E1A37F2DF22A}.Debug|Any CPU.ActiveCfg = Debug|Any CPU
		{DBBB5BA7-C5B1-4934-9F12-E1A37F2DF22A}.Debug|Any CPU.Build.0 = Debug|Any CPU
		{DBBB5BA7-C5B1-4934-9F12-E1A37F2DF22A}.Release|Any CPU.ActiveCfg = Release|Any CPU
		{DBBB5BA7-C5B1-4934-9F12-E1A37F2DF22A}.Release|Any CPU.Build.0 = Release|Any CPU
		{EB23FB2A-869A-4B8E-AFF2-58A69A5A640D}.Debug|Any CPU.ActiveCfg = Debug|Any CPU
		{EB23FB2A-869A-4B8E-AFF2-58A69A5A640D}.Debug|Any CPU.Build.0 = Debug|Any CPU
		{EB23FB2A-869A-4B8E-AFF2-58A69A5A640D}.Release|Any CPU.ActiveCfg = Release|Any CPU
		{EB23FB2A-869A-4B8E-AFF2-58A69A5A640D}.Release|Any CPU.Build.0 = Release|Any CPU
		{8213171F-F73F-4493-9131-C669450E48C2}.Debug|Any CPU.ActiveCfg = Debug|Any CPU
		{8213171F-F73F-4493-9131-C669450E48C2}.Debug|Any CPU.Build.0 = Debug|Any CPU
		{8213171F-F73F-4493-9131-C669450E48C2}.Release|Any CPU.ActiveCfg = Release|Any CPU
		{8213171F-F73F-4493-9131-C669450E48C2}.Release|Any CPU.Build.0 = Release|Any CPU
		{A90E80FE-FC36-41CA-9DF9-440871F332D2}.Debug|Any CPU.ActiveCfg = Debug|Any CPU
		{A90E80FE-FC36-41CA-9DF9-440871F332D2}.Debug|Any CPU.Build.0 = Debug|Any CPU
		{A90E80FE-FC36-41CA-9DF9-440871F332D2}.Release|Any CPU.ActiveCfg = Release|Any CPU
		{A90E80FE-FC36-41CA-9DF9-440871F332D2}.Release|Any CPU.Build.0 = Release|Any CPU
		{FFA1C6F2-D797-407A-99B0-E2D7178038B2}.Debug|Any CPU.ActiveCfg = Debug|Any CPU
		{FFA1C6F2-D797-407A-99B0-E2D7178038B2}.Debug|Any CPU.Build.0 = Debug|Any CPU
		{FFA1C6F2-D797-407A-99B0-E2D7178038B2}.Release|Any CPU.ActiveCfg = Release|Any CPU
		{FFA1C6F2-D797-407A-99B0-E2D7178038B2}.Release|Any CPU.Build.0 = Release|Any CPU
		{3FDA2EC5-5CB6-4C94-BB83-8375501959C4}.Debug|Any CPU.ActiveCfg = Debug|Any CPU
		{3FDA2EC5-5CB6-4C94-BB83-8375501959C4}.Debug|Any CPU.Build.0 = Debug|Any CPU
		{3FDA2EC5-5CB6-4C94-BB83-8375501959C4}.Release|Any CPU.ActiveCfg = Release|Any CPU
		{3FDA2EC5-5CB6-4C94-BB83-8375501959C4}.Release|Any CPU.Build.0 = Release|Any CPU
		{116B251C-31A3-474E-BCE3-BAE23219B8F1}.Debug|Any CPU.ActiveCfg = Debug|Any CPU
		{116B251C-31A3-474E-BCE3-BAE23219B8F1}.Debug|Any CPU.Build.0 = Debug|Any CPU
		{116B251C-31A3-474E-BCE3-BAE23219B8F1}.Release|Any CPU.ActiveCfg = Release|Any CPU
		{116B251C-31A3-474E-BCE3-BAE23219B8F1}.Release|Any CPU.Build.0 = Release|Any CPU
		{899BD611-3620-490F-B8E0-0B2582F8B3D9}.Debug|Any CPU.ActiveCfg = Debug|Any CPU
		{899BD611-3620-490F-B8E0-0B2582F8B3D9}.Debug|Any CPU.Build.0 = Debug|Any CPU
		{899BD611-3620-490F-B8E0-0B2582F8B3D9}.Release|Any CPU.ActiveCfg = Release|Any CPU
		{899BD611-3620-490F-B8E0-0B2582F8B3D9}.Release|Any CPU.Build.0 = Release|Any CPU
		{A501762D-16AE-4F86-925B-0E2183976C10}.Debug|Any CPU.ActiveCfg = Debug|Any CPU
		{A501762D-16AE-4F86-925B-0E2183976C10}.Debug|Any CPU.Build.0 = Debug|Any CPU
		{A501762D-16AE-4F86-925B-0E2183976C10}.Release|Any CPU.ActiveCfg = Release|Any CPU
		{A501762D-16AE-4F86-925B-0E2183976C10}.Release|Any CPU.Build.0 = Release|Any CPU
	EndGlobalSection
	GlobalSection(SolutionProperties) = preSolution
		HideSolutionNode = FALSE
	EndGlobalSection
	GlobalSection(NestedProjects) = preSolution
		{626B1FA2-67AF-4DBD-90B3-D8F914FF0C4A} = {4AC92543-E312-493B-8D1E-E0E29C83DB90}
		{AC470218-D8AD-4B78-B8EB-573774CD3D4F} = {4AC92543-E312-493B-8D1E-E0E29C83DB90}
		{F36D8B2C-0260-4DBD-B615-5547916C86AE} = {4AC92543-E312-493B-8D1E-E0E29C83DB90}
		{44747E25-33A4-43C7-8947-E2376509EA36} = {4AC92543-E312-493B-8D1E-E0E29C83DB90}
		{950EF862-44AE-4CAF-9275-BD9F03CD5C7F} = {4AC92543-E312-493B-8D1E-E0E29C83DB90}
		{262BEFC5-AA82-42D8-9762-855FE021A8ED} = {52E9DB61-6ABC-4826-8B6F-B908ECED9AEE}
		{8213171F-F73F-4493-9131-C669450E48C2} = {262BEFC5-AA82-42D8-9762-855FE021A8ED}
		{A90E80FE-FC36-41CA-9DF9-440871F332D2} = {262BEFC5-AA82-42D8-9762-855FE021A8ED}
		{FFA1C6F2-D797-407A-99B0-E2D7178038B2} = {52E9DB61-6ABC-4826-8B6F-B908ECED9AEE}
		{3FDA2EC5-5CB6-4C94-BB83-8375501959C4} = {262BEFC5-AA82-42D8-9762-855FE021A8ED}
		{116B251C-31A3-474E-BCE3-BAE23219B8F1} = {52E9DB61-6ABC-4826-8B6F-B908ECED9AEE}
	EndGlobalSection
	GlobalSection(ExtensibilityGlobals) = postSolution
		SolutionGuid = {8BD3BEA9-884F-451D-9105-F970350A2D95}
	EndGlobalSection
EndGlobal
